
Microsoft Visual Studio Solution File, Format Version 12.00
# Visual Studio 15
VisualStudioVersion = 15.0.27004.2002
MinimumVisualStudioVersion = 10.0.40219.1
Project("{FAE04EC0-301F-11D3-BF4B-00C04F79EFBC}") = "Wow", "Wow\Wow.csproj", "{FECEDD69-868B-4998-8421-AD93124EC36C}"
EndProject
Global
	GlobalSection(SolutionConfigurationPlatforms) = preSolution
		Debug|Any CPU = Debug|Any CPU
		Release|Any CPU = Release|Any CPU
	EndGlobalSection
	GlobalSection(ProjectConfigurationPlatforms) = postSolution
		{FECEDD69-868B-4998-8421-AD93124EC36C}.Debug|Any CPU.ActiveCfg = Debug|Any CPU
		{FECEDD69-868B-4998-8421-AD93124EC36C}.Debug|Any CPU.Build.0 = Debug|Any CPU
		{FECEDD69-868B-4998-8421-AD93124EC36C}.Release|Any CPU.ActiveCfg = Release|Any CPU
		{FECEDD69-868B-4998-8421-AD93124EC36C}.Release|Any CPU.Build.0 = Release|Any CPU
	EndGlobalSection
	GlobalSection(SolutionProperties) = preSolution
		HideSolutionNode = FALSE
	EndGlobalSection
	GlobalSection(ExtensibilityGlobals) = postSolution
		SolutionGuid = {3C5E4BD5-4802-4C70-AA7D-3C420C666A24}
	EndGlobalSection
EndGlobal
